// !$*UTF8*$!
{
	archiveVersion = 1;
	classes = {
	};
	objectVersion = 56;
	objects = {

/* Begin PBXBuildFile section */
		95264653295831D60059B284 /* AppDelegate.swift in Sources */ = {isa = PBXBuildFile; fileRef = 95264652295831D60059B284 /* AppDelegate.swift */; };
		95264655295831D60059B284 /* SceneDelegate.swift in Sources */ = {isa = PBXBuildFile; fileRef = 95264654295831D60059B284 /* SceneDelegate.swift */; };
		95264657295831D60059B284 /* RMTabViewController.swift in Sources */ = {isa = PBXBuildFile; fileRef = 95264656295831D60059B284 /* RMTabViewController.swift */; };
		9526465C295831D80059B284 /* Assets.xcassets in Resources */ = {isa = PBXBuildFile; fileRef = 9526465B295831D80059B284 /* Assets.xcassets */; };
		9526465F295831D80059B284 /* LaunchScreen.storyboard in Resources */ = {isa = PBXBuildFile; fileRef = 9526465D295831D80059B284 /* LaunchScreen.storyboard */; };
		9526466E2958345B0059B284 /* RMLocation.swift in Sources */ = {isa = PBXBuildFile; fileRef = 9526466D2958345B0059B284 /* RMLocation.swift */; };
		95264670295834690059B284 /* RMCharacter.swift in Sources */ = {isa = PBXBuildFile; fileRef = 9526466F295834690059B284 /* RMCharacter.swift */; };
		95264675295835580059B284 /* RMCharacterViewController.swift in Sources */ = {isa = PBXBuildFile; fileRef = 95264674295835580059B284 /* RMCharacterViewController.swift */; };
		952646772958356B0059B284 /* RMLocationViewController.swift in Sources */ = {isa = PBXBuildFile; fileRef = 952646762958356B0059B284 /* RMLocationViewController.swift */; };
		952646792958357D0059B284 /* RMEpisodeViewController.swift in Sources */ = {isa = PBXBuildFile; fileRef = 952646782958357D0059B284 /* RMEpisodeViewController.swift */; };
		9526467B2958358D0059B284 /* RMSettingsViewController.swift in Sources */ = {isa = PBXBuildFile; fileRef = 9526467A2958358D0059B284 /* RMSettingsViewController.swift */; };
		9526467D29583F6C0059B284 /* RMService.swift in Sources */ = {isa = PBXBuildFile; fileRef = 9526467C29583F6C0059B284 /* RMService.swift */; };
		9526467F29583F790059B284 /* RMRequest.swift in Sources */ = {isa = PBXBuildFile; fileRef = 9526467E29583F790059B284 /* RMRequest.swift */; };
		95264681295840B70059B284 /* RMEndpoint.swift in Sources */ = {isa = PBXBuildFile; fileRef = 95264680295840B70059B284 /* RMEndpoint.swift */; };
		954887C0299BB30F00DE42C3 /* RMLocationTableViewCell.swift in Sources */ = {isa = PBXBuildFile; fileRef = 954887BF299BB30F00DE42C3 /* RMLocationTableViewCell.swift */; };
		954887C3299BB42600DE42C3 /* RMLocationTableViewCellViewModel.swift in Sources */ = {isa = PBXBuildFile; fileRef = 954887C2299BB42600DE42C3 /* RMLocationTableViewCellViewModel.swift */; };
		9567A8C029670D9C00AE9C33 /* RMCharacterDetailViewController.swift in Sources */ = {isa = PBXBuildFile; fileRef = 9567A8BF29670D9C00AE9C33 /* RMCharacterDetailViewController.swift */; };
		9567A8C229670E4600AE9C33 /* RMCharacterDetailView.swift in Sources */ = {isa = PBXBuildFile; fileRef = 9567A8C129670E4600AE9C33 /* RMCharacterDetailView.swift */; };
		9567A8C429670E6C00AE9C33 /* RMCharacterDetailViewViewModel.swift in Sources */ = {isa = PBXBuildFile; fileRef = 9567A8C329670E6C00AE9C33 /* RMCharacterDetailViewViewModel.swift */; };
		9567A8C629671C0A00AE9C33 /* RMFooterLoadingCollectionReusableView.swift in Sources */ = {isa = PBXBuildFile; fileRef = 9567A8C529671C0A00AE9C33 /* RMFooterLoadingCollectionReusableView.swift */; };
		9567A8F22969C9FB00AE9C33 /* RMImageLoader.swift in Sources */ = {isa = PBXBuildFile; fileRef = 9567A8F12969C9FB00AE9C33 /* RMImageLoader.swift */; };
		956AB0DA2993A94000BE4B0E /* RMSettingsViewViewModel.swift in Sources */ = {isa = PBXBuildFile; fileRef = 956AB0D92993A94000BE4B0E /* RMSettingsViewViewModel.swift */; };
		956AB0DC2993A9E500BE4B0E /* RMSettingsCellViewModel.swift in Sources */ = {isa = PBXBuildFile; fileRef = 956AB0DB2993A9E500BE4B0E /* RMSettingsCellViewModel.swift */; };
		956AB0DE2993AAEA00BE4B0E /* RMSettingsOption.swift in Sources */ = {isa = PBXBuildFile; fileRef = 956AB0DD2993AAEA00BE4B0E /* RMSettingsOption.swift */; };
		956AB0E12993B07700BE4B0E /* RMSettingsView.swift in Sources */ = {isa = PBXBuildFile; fileRef = 956AB0E02993B07700BE4B0E /* RMSettingsView.swift */; };
		956AB0E4299A2E2D00BE4B0E /* RMLocationView.swift in Sources */ = {isa = PBXBuildFile; fileRef = 956AB0E3299A2E2D00BE4B0E /* RMLocationView.swift */; };
		956AB0E8299A31A600BE4B0E /* RMLocationViewViewModel.swift in Sources */ = {isa = PBXBuildFile; fileRef = 956AB0E7299A31A600BE4B0E /* RMLocationViewViewModel.swift */; };
		95CE589C299E4CB2003C7D56 /* RMLocationDetailViewController.swift in Sources */ = {isa = PBXBuildFile; fileRef = 95CE589B299E4CB2003C7D56 /* RMLocationDetailViewController.swift */; };
		95CE589F299E8CA1003C7D56 /* RMLocationDetailView.swift in Sources */ = {isa = PBXBuildFile; fileRef = 95CE589E299E8CA1003C7D56 /* RMLocationDetailView.swift */; };
		95CE58A1299F76C2003C7D56 /* RMLocationDetailViewViewModel.swift in Sources */ = {isa = PBXBuildFile; fileRef = 95CE58A0299F76C2003C7D56 /* RMLocationDetailViewViewModel.swift */; };
		95D86B67297D2AA100255410 /* RMEpisodeListViewViewModel.swift in Sources */ = {isa = PBXBuildFile; fileRef = 95D86B66297D2AA100255410 /* RMEpisodeListViewViewModel.swift */; };
		95D86B69297D359C00255410 /* RMGetAllEpisodesResponse.swift in Sources */ = {isa = PBXBuildFile; fileRef = 95D86B68297D359C00255410 /* RMGetAllEpisodesResponse.swift */; };
		95D86B6B29802DA500255410 /* RMSearchViewController.swift in Sources */ = {isa = PBXBuildFile; fileRef = 95D86B6A29802DA500255410 /* RMSearchViewController.swift */; };
		95D86B6E29881DD700255410 /* RMEpisodeInfoCollectionViewCell.swift in Sources */ = {isa = PBXBuildFile; fileRef = 95D86B6D29881DD700255410 /* RMEpisodeInfoCollectionViewCell.swift */; };
		95D86B7129881E1D00255410 /* RMEpisodeInfoCollectionViewCellViewModel.swift in Sources */ = {isa = PBXBuildFile; fileRef = 95D86B7029881E1D00255410 /* RMEpisodeInfoCollectionViewCellViewModel.swift */; };
		95DB311D299BAB6F0078CEE0 /* RMGetLocationsResponse.swift in Sources */ = {isa = PBXBuildFile; fileRef = 95DB311C299BAB6F0078CEE0 /* RMGetLocationsResponse.swift */; };
		95F91332295AD7430033FA1D /* RMEpisode.swift in Sources */ = {isa = PBXBuildFile; fileRef = 95F91331295AD7430033FA1D /* RMEpisode.swift */; };
		95F91334295ADBAB0033FA1D /* RMOrigin.swift in Sources */ = {isa = PBXBuildFile; fileRef = 95F91333295ADBAB0033FA1D /* RMOrigin.swift */; };
		95F91336295ADC290033FA1D /* RMSingleLocation.swift in Sources */ = {isa = PBXBuildFile; fileRef = 95F91335295ADC290033FA1D /* RMSingleLocation.swift */; };
		95F91338295ADFDC0033FA1D /* RMCharacterStatus.swift in Sources */ = {isa = PBXBuildFile; fileRef = 95F91337295ADFDC0033FA1D /* RMCharacterStatus.swift */; };
		95F9133A295AE0620033FA1D /* RMCharacterGender.swift in Sources */ = {isa = PBXBuildFile; fileRef = 95F91339295AE0620033FA1D /* RMCharacterGender.swift */; };
		95F9133F295DAE1D0033FA1D /* RMGetAllCharactersResponse.swift in Sources */ = {isa = PBXBuildFile; fileRef = 95F9133E295DAE1D0033FA1D /* RMGetAllCharactersResponse.swift */; };
		95F91341295EFAB70033FA1D /* RMCharacterListViewViewModel.swift in Sources */ = {isa = PBXBuildFile; fileRef = 95F91340295EFAB70033FA1D /* RMCharacterListViewViewModel.swift */; };
		95F91343295EFB530033FA1D /* RMCharacterListView.swift in Sources */ = {isa = PBXBuildFile; fileRef = 95F91342295EFB530033FA1D /* RMCharacterListView.swift */; };
		95F91345295EFE6A0033FA1D /* Extesions.swift in Sources */ = {isa = PBXBuildFile; fileRef = 95F91344295EFE6A0033FA1D /* Extesions.swift */; };
		95F91347295F09040033FA1D /* RMCharacterCollectionViewCell.swift in Sources */ = {isa = PBXBuildFile; fileRef = 95F91346295F09040033FA1D /* RMCharacterCollectionViewCell.swift */; };
		95F91349295F0A610033FA1D /* RMCharacterCollectionViewCellViewModel.swift in Sources */ = {isa = PBXBuildFile; fileRef = 95F91348295F0A610033FA1D /* RMCharacterCollectionViewCellViewModel.swift */; };
		95FC8832296DB5CA002A8E91 /* RMCharacterPhotoCollectionViewCell.swift in Sources */ = {isa = PBXBuildFile; fileRef = 95FC8831296DB5CA002A8E91 /* RMCharacterPhotoCollectionViewCell.swift */; };
		95FC8834296DB5ED002A8E91 /* RMCharacterInfoCollectionViewCell.swift in Sources */ = {isa = PBXBuildFile; fileRef = 95FC8833296DB5ED002A8E91 /* RMCharacterInfoCollectionViewCell.swift */; };
		95FC8836296DB601002A8E91 /* RMCharacterEpisodeCollectionViewCell.swift in Sources */ = {isa = PBXBuildFile; fileRef = 95FC8835296DB601002A8E91 /* RMCharacterEpisodeCollectionViewCell.swift */; };
		95FC8839296DB65C002A8E91 /* RMCharacterPhotoCollectionViewCellViewModel.swift in Sources */ = {isa = PBXBuildFile; fileRef = 95FC8838296DB65C002A8E91 /* RMCharacterPhotoCollectionViewCellViewModel.swift */; };
		95FC883B296DB665002A8E91 /* RMCharacterInfoCollectionViewCellViewModel.swift in Sources */ = {isa = PBXBuildFile; fileRef = 95FC883A296DB665002A8E91 /* RMCharacterInfoCollectionViewCellViewModel.swift */; };
		95FC883D296DB671002A8E91 /* RMCharacterEpisodeCollectionViewCellViewModel.swift in Sources */ = {isa = PBXBuildFile; fileRef = 95FC883C296DB671002A8E91 /* RMCharacterEpisodeCollectionViewCellViewModel.swift */; };
		95FC88F1297803C2002A8E91 /* RMEpisodeDetailViewController.swift in Sources */ = {isa = PBXBuildFile; fileRef = 95FC88F0297803C2002A8E91 /* RMEpisodeDetailViewController.swift */; };
		95FC88F32979389F002A8E91 /* RMAPICacheManager.swift in Sources */ = {isa = PBXBuildFile; fileRef = 95FC88F22979389F002A8E91 /* RMAPICacheManager.swift */; };
		95FC88F52979519F002A8E91 /* RMEpisodeDetailViewViewModel.swift in Sources */ = {isa = PBXBuildFile; fileRef = 95FC88F42979519F002A8E91 /* RMEpisodeDetailViewViewModel.swift */; };
		95FC88F729795207002A8E91 /* RMEpisodeDetailView.swift in Sources */ = {isa = PBXBuildFile; fileRef = 95FC88F629795207002A8E91 /* RMEpisodeDetailView.swift */; };
		95FC8926297BF977002A8E91 /* RMEpisodeListView.swift in Sources */ = {isa = PBXBuildFile; fileRef = 95FC8925297BF977002A8E91 /* RMEpisodeListView.swift */; };
/* End PBXBuildFile section */

/* Begin PBXFileReference section */
		9526464F295831D60059B284 /* RickAndMorty.app */ = {isa = PBXFileReference; explicitFileType = wrapper.application; includeInIndex = 0; path = RickAndMorty.app; sourceTree = BUILT_PRODUCTS_DIR; };
		95264652295831D60059B284 /* AppDelegate.swift */ = {isa = PBXFileReference; lastKnownFileType = sourcecode.swift; path = AppDelegate.swift; sourceTree = "<group>"; };
		95264654295831D60059B284 /* SceneDelegate.swift */ = {isa = PBXFileReference; lastKnownFileType = sourcecode.swift; path = SceneDelegate.swift; sourceTree = "<group>"; };
		95264656295831D60059B284 /* RMTabViewController.swift */ = {isa = PBXFileReference; lastKnownFileType = sourcecode.swift; path = RMTabViewController.swift; sourceTree = "<group>"; };
		9526465B295831D80059B284 /* Assets.xcassets */ = {isa = PBXFileReference; lastKnownFileType = folder.assetcatalog; path = Assets.xcassets; sourceTree = "<group>"; };
		9526465E295831D80059B284 /* Base */ = {isa = PBXFileReference; lastKnownFileType = file.storyboard; name = Base; path = Base.lproj/LaunchScreen.storyboard; sourceTree = "<group>"; };
		95264660295831D80059B284 /* Info.plist */ = {isa = PBXFileReference; lastKnownFileType = text.plist.xml; path = Info.plist; sourceTree = "<group>"; };
		9526466D2958345B0059B284 /* RMLocation.swift */ = {isa = PBXFileReference; lastKnownFileType = sourcecode.swift; path = RMLocation.swift; sourceTree = "<group>"; };
		9526466F295834690059B284 /* RMCharacter.swift */ = {isa = PBXFileReference; lastKnownFileType = sourcecode.swift; path = RMCharacter.swift; sourceTree = "<group>"; };
		95264674295835580059B284 /* RMCharacterViewController.swift */ = {isa = PBXFileReference; lastKnownFileType = sourcecode.swift; path = RMCharacterViewController.swift; sourceTree = "<group>"; };
		952646762958356B0059B284 /* RMLocationViewController.swift */ = {isa = PBXFileReference; lastKnownFileType = sourcecode.swift; path = RMLocationViewController.swift; sourceTree = "<group>"; };
		952646782958357D0059B284 /* RMEpisodeViewController.swift */ = {isa = PBXFileReference; lastKnownFileType = sourcecode.swift; path = RMEpisodeViewController.swift; sourceTree = "<group>"; };
		9526467A2958358D0059B284 /* RMSettingsViewController.swift */ = {isa = PBXFileReference; lastKnownFileType = sourcecode.swift; path = RMSettingsViewController.swift; sourceTree = "<group>"; };
		9526467C29583F6C0059B284 /* RMService.swift */ = {isa = PBXFileReference; lastKnownFileType = sourcecode.swift; path = RMService.swift; sourceTree = "<group>"; };
		9526467E29583F790059B284 /* RMRequest.swift */ = {isa = PBXFileReference; lastKnownFileType = sourcecode.swift; path = RMRequest.swift; sourceTree = "<group>"; };
		95264680295840B70059B284 /* RMEndpoint.swift */ = {isa = PBXFileReference; lastKnownFileType = sourcecode.swift; path = RMEndpoint.swift; sourceTree = "<group>"; };
		954887BF299BB30F00DE42C3 /* RMLocationTableViewCell.swift */ = {isa = PBXFileReference; lastKnownFileType = sourcecode.swift; path = RMLocationTableViewCell.swift; sourceTree = "<group>"; };
		954887C2299BB42600DE42C3 /* RMLocationTableViewCellViewModel.swift */ = {isa = PBXFileReference; lastKnownFileType = sourcecode.swift; path = RMLocationTableViewCellViewModel.swift; sourceTree = "<group>"; };
		9567A8BF29670D9C00AE9C33 /* RMCharacterDetailViewController.swift */ = {isa = PBXFileReference; lastKnownFileType = sourcecode.swift; path = RMCharacterDetailViewController.swift; sourceTree = "<group>"; };
		9567A8C129670E4600AE9C33 /* RMCharacterDetailView.swift */ = {isa = PBXFileReference; lastKnownFileType = sourcecode.swift; path = RMCharacterDetailView.swift; sourceTree = "<group>"; };
		9567A8C329670E6C00AE9C33 /* RMCharacterDetailViewViewModel.swift */ = {isa = PBXFileReference; lastKnownFileType = sourcecode.swift; path = RMCharacterDetailViewViewModel.swift; sourceTree = "<group>"; };
		9567A8C529671C0A00AE9C33 /* RMFooterLoadingCollectionReusableView.swift */ = {isa = PBXFileReference; lastKnownFileType = sourcecode.swift; path = RMFooterLoadingCollectionReusableView.swift; sourceTree = "<group>"; };
		9567A8F12969C9FB00AE9C33 /* RMImageLoader.swift */ = {isa = PBXFileReference; lastKnownFileType = sourcecode.swift; path = RMImageLoader.swift; sourceTree = "<group>"; };
		956AB0D92993A94000BE4B0E /* RMSettingsViewViewModel.swift */ = {isa = PBXFileReference; lastKnownFileType = sourcecode.swift; path = RMSettingsViewViewModel.swift; sourceTree = "<group>"; };
		956AB0DB2993A9E500BE4B0E /* RMSettingsCellViewModel.swift */ = {isa = PBXFileReference; lastKnownFileType = sourcecode.swift; path = RMSettingsCellViewModel.swift; sourceTree = "<group>"; };
		956AB0DD2993AAEA00BE4B0E /* RMSettingsOption.swift */ = {isa = PBXFileReference; lastKnownFileType = sourcecode.swift; path = RMSettingsOption.swift; sourceTree = "<group>"; };
		956AB0E02993B07700BE4B0E /* RMSettingsView.swift */ = {isa = PBXFileReference; lastKnownFileType = sourcecode.swift; path = RMSettingsView.swift; sourceTree = "<group>"; };
		956AB0E3299A2E2D00BE4B0E /* RMLocationView.swift */ = {isa = PBXFileReference; lastKnownFileType = sourcecode.swift; path = RMLocationView.swift; sourceTree = "<group>"; };
		956AB0E7299A31A600BE4B0E /* RMLocationViewViewModel.swift */ = {isa = PBXFileReference; lastKnownFileType = sourcecode.swift; path = RMLocationViewViewModel.swift; sourceTree = "<group>"; };
		95CE589B299E4CB2003C7D56 /* RMLocationDetailViewController.swift */ = {isa = PBXFileReference; lastKnownFileType = sourcecode.swift; path = RMLocationDetailViewController.swift; sourceTree = "<group>"; };
		95CE589E299E8CA1003C7D56 /* RMLocationDetailView.swift */ = {isa = PBXFileReference; lastKnownFileType = sourcecode.swift; path = RMLocationDetailView.swift; sourceTree = "<group>"; };
		95CE58A0299F76C2003C7D56 /* RMLocationDetailViewViewModel.swift */ = {isa = PBXFileReference; lastKnownFileType = sourcecode.swift; path = RMLocationDetailViewViewModel.swift; sourceTree = "<group>"; };
		95D86B66297D2AA100255410 /* RMEpisodeListViewViewModel.swift */ = {isa = PBXFileReference; lastKnownFileType = sourcecode.swift; path = RMEpisodeListViewViewModel.swift; sourceTree = "<group>"; };
		95D86B68297D359C00255410 /* RMGetAllEpisodesResponse.swift */ = {isa = PBXFileReference; lastKnownFileType = sourcecode.swift; path = RMGetAllEpisodesResponse.swift; sourceTree = "<group>"; };
		95D86B6A29802DA500255410 /* RMSearchViewController.swift */ = {isa = PBXFileReference; lastKnownFileType = sourcecode.swift; path = RMSearchViewController.swift; sourceTree = "<group>"; };
		95D86B6D29881DD700255410 /* RMEpisodeInfoCollectionViewCell.swift */ = {isa = PBXFileReference; lastKnownFileType = sourcecode.swift; path = RMEpisodeInfoCollectionViewCell.swift; sourceTree = "<group>"; };
		95D86B7029881E1D00255410 /* RMEpisodeInfoCollectionViewCellViewModel.swift */ = {isa = PBXFileReference; lastKnownFileType = sourcecode.swift; path = RMEpisodeInfoCollectionViewCellViewModel.swift; sourceTree = "<group>"; };
		95DB311C299BAB6F0078CEE0 /* RMGetLocationsResponse.swift */ = {isa = PBXFileReference; lastKnownFileType = sourcecode.swift; path = RMGetLocationsResponse.swift; sourceTree = "<group>"; };
		95F91331295AD7430033FA1D /* RMEpisode.swift */ = {isa = PBXFileReference; lastKnownFileType = sourcecode.swift; path = RMEpisode.swift; sourceTree = "<group>"; };
		95F91333295ADBAB0033FA1D /* RMOrigin.swift */ = {isa = PBXFileReference; lastKnownFileType = sourcecode.swift; path = RMOrigin.swift; sourceTree = "<group>"; };
		95F91335295ADC290033FA1D /* RMSingleLocation.swift */ = {isa = PBXFileReference; lastKnownFileType = sourcecode.swift; path = RMSingleLocation.swift; sourceTree = "<group>"; };
		95F91337295ADFDC0033FA1D /* RMCharacterStatus.swift */ = {isa = PBXFileReference; lastKnownFileType = sourcecode.swift; path = RMCharacterStatus.swift; sourceTree = "<group>"; };
		95F91339295AE0620033FA1D /* RMCharacterGender.swift */ = {isa = PBXFileReference; lastKnownFileType = sourcecode.swift; path = RMCharacterGender.swift; sourceTree = "<group>"; };
		95F9133E295DAE1D0033FA1D /* RMGetAllCharactersResponse.swift */ = {isa = PBXFileReference; lastKnownFileType = sourcecode.swift; name = RMGetAllCharactersResponse.swift; path = RickAndMorty/Models/RMGetAllCharactersResponse.swift; sourceTree = SOURCE_ROOT; };
		95F91340295EFAB70033FA1D /* RMCharacterListViewViewModel.swift */ = {isa = PBXFileReference; lastKnownFileType = sourcecode.swift; path = RMCharacterListViewViewModel.swift; sourceTree = "<group>"; };
		95F91342295EFB530033FA1D /* RMCharacterListView.swift */ = {isa = PBXFileReference; lastKnownFileType = sourcecode.swift; path = RMCharacterListView.swift; sourceTree = "<group>"; };
		95F91344295EFE6A0033FA1D /* Extesions.swift */ = {isa = PBXFileReference; lastKnownFileType = sourcecode.swift; path = Extesions.swift; sourceTree = "<group>"; };
		95F91346295F09040033FA1D /* RMCharacterCollectionViewCell.swift */ = {isa = PBXFileReference; lastKnownFileType = sourcecode.swift; path = RMCharacterCollectionViewCell.swift; sourceTree = "<group>"; };
		95F91348295F0A610033FA1D /* RMCharacterCollectionViewCellViewModel.swift */ = {isa = PBXFileReference; lastKnownFileType = sourcecode.swift; path = RMCharacterCollectionViewCellViewModel.swift; sourceTree = "<group>"; };
		95FC8831296DB5CA002A8E91 /* RMCharacterPhotoCollectionViewCell.swift */ = {isa = PBXFileReference; lastKnownFileType = sourcecode.swift; path = RMCharacterPhotoCollectionViewCell.swift; sourceTree = "<group>"; };
		95FC8833296DB5ED002A8E91 /* RMCharacterInfoCollectionViewCell.swift */ = {isa = PBXFileReference; lastKnownFileType = sourcecode.swift; path = RMCharacterInfoCollectionViewCell.swift; sourceTree = "<group>"; };
		95FC8835296DB601002A8E91 /* RMCharacterEpisodeCollectionViewCell.swift */ = {isa = PBXFileReference; lastKnownFileType = sourcecode.swift; path = RMCharacterEpisodeCollectionViewCell.swift; sourceTree = "<group>"; };
		95FC8838296DB65C002A8E91 /* RMCharacterPhotoCollectionViewCellViewModel.swift */ = {isa = PBXFileReference; lastKnownFileType = sourcecode.swift; path = RMCharacterPhotoCollectionViewCellViewModel.swift; sourceTree = "<group>"; };
		95FC883A296DB665002A8E91 /* RMCharacterInfoCollectionViewCellViewModel.swift */ = {isa = PBXFileReference; lastKnownFileType = sourcecode.swift; path = RMCharacterInfoCollectionViewCellViewModel.swift; sourceTree = "<group>"; };
		95FC883C296DB671002A8E91 /* RMCharacterEpisodeCollectionViewCellViewModel.swift */ = {isa = PBXFileReference; lastKnownFileType = sourcecode.swift; path = RMCharacterEpisodeCollectionViewCellViewModel.swift; sourceTree = "<group>"; };
		95FC88F0297803C2002A8E91 /* RMEpisodeDetailViewController.swift */ = {isa = PBXFileReference; lastKnownFileType = sourcecode.swift; path = RMEpisodeDetailViewController.swift; sourceTree = "<group>"; };
		95FC88F22979389F002A8E91 /* RMAPICacheManager.swift */ = {isa = PBXFileReference; lastKnownFileType = sourcecode.swift; path = RMAPICacheManager.swift; sourceTree = "<group>"; };
		95FC88F42979519F002A8E91 /* RMEpisodeDetailViewViewModel.swift */ = {isa = PBXFileReference; lastKnownFileType = sourcecode.swift; path = RMEpisodeDetailViewViewModel.swift; sourceTree = "<group>"; };
		95FC88F629795207002A8E91 /* RMEpisodeDetailView.swift */ = {isa = PBXFileReference; lastKnownFileType = sourcecode.swift; path = RMEpisodeDetailView.swift; sourceTree = "<group>"; };
		95FC8925297BF977002A8E91 /* RMEpisodeListView.swift */ = {isa = PBXFileReference; lastKnownFileType = sourcecode.swift; path = RMEpisodeListView.swift; sourceTree = "<group>"; };
/* End PBXFileReference section */

/* Begin PBXFrameworksBuildPhase section */
		9526464C295831D60059B284 /* Frameworks */ = {
			isa = PBXFrameworksBuildPhase;
			buildActionMask = 2147483647;
			files = (
			);
			runOnlyForDeploymentPostprocessing = 0;
		};
/* End PBXFrameworksBuildPhase section */

/* Begin PBXGroup section */
		95264646295831D60059B284 = {
			isa = PBXGroup;
			children = (
				95264651295831D60059B284 /* RickAndMorty */,
				95264650295831D60059B284 /* Products */,
			);
			sourceTree = "<group>";
		};
		95264650295831D60059B284 /* Products */ = {
			isa = PBXGroup;
			children = (
				9526464F295831D60059B284 /* RickAndMorty.app */,
			);
			name = Products;
			sourceTree = "<group>";
		};
		95264651295831D60059B284 /* RickAndMorty */ = {
			isa = PBXGroup;
			children = (
				9526466C295833920059B284 /* Resources */,
				9526466B295833870059B284 /* Managers */,
				9526466A295833500059B284 /* APIClient */,
				952646692958333E0059B284 /* ViewModels */,
				95264668295833380059B284 /* Views */,
				952646672958332C0059B284 /* Models */,
				952646662958331E0059B284 /* Controllers */,
				95264660295831D80059B284 /* Info.plist */,
			);
			path = RickAndMorty;
			sourceTree = "<group>";
		};
		952646662958331E0059B284 /* Controllers */ = {
			isa = PBXGroup;
			children = (
				9567A8BE29670D7E00AE9C33 /* Other */,
				95264671295835070059B284 /* Core */,
			);
			path = Controllers;
			sourceTree = "<group>";
		};
		952646672958332C0059B284 /* Models */ = {
			isa = PBXGroup;
			children = (
				95F9133D295DAD710033FA1D /* APIResponseTypes */,
				95F9133C295DAD4D0033FA1D /* DataTypes */,
			);
			path = Models;
			sourceTree = "<group>";
		};
		95264668295833380059B284 /* Views */ = {
			isa = PBXGroup;
			children = (
				95CE589D299E8C75003C7D56 /* LocationDetails */,
				956AB0E2299A2E1D00BE4B0E /* Location */,
				956AB0DF2993B05500BE4B0E /* SwiftUI */,
				95D86B6C29881D9A00255410 /* EpisodeDetails */,
				95FC8924297BF957002A8E91 /* Episode */,
				95FC882F296DB572002A8E91 /* CharactersDetails */,
				95FC8830296DB5A5002A8E91 /* Character */,
				9567A8C529671C0A00AE9C33 /* RMFooterLoadingCollectionReusableView.swift */,
			);
			path = Views;
			sourceTree = "<group>";
		};
		952646692958333E0059B284 /* ViewModels */ = {
			isa = PBXGroup;
			children = (
				954887C1299BB40300DE42C3 /* Locations */,
				956AB0D82993A92300BE4B0E /* Settings */,
				95D86B6F29881DF000255410 /* EpisodeDetail */,
				95FC8837296DB624002A8E91 /* CharacterDetail */,
				95F91340295EFAB70033FA1D /* RMCharacterListViewViewModel.swift */,
				95F91348295F0A610033FA1D /* RMCharacterCollectionViewCellViewModel.swift */,
				95D86B66297D2AA100255410 /* RMEpisodeListViewViewModel.swift */,
			);
			path = ViewModels;
			sourceTree = "<group>";
		};
		9526466A295833500059B284 /* APIClient */ = {
			isa = PBXGroup;
			children = (
				9526467C29583F6C0059B284 /* RMService.swift */,
				9526467E29583F790059B284 /* RMRequest.swift */,
				95264680295840B70059B284 /* RMEndpoint.swift */,
			);
			path = APIClient;
			sourceTree = "<group>";
		};
		9526466B295833870059B284 /* Managers */ = {
			isa = PBXGroup;
			children = (
				9567A8F12969C9FB00AE9C33 /* RMImageLoader.swift */,
				95FC88F22979389F002A8E91 /* RMAPICacheManager.swift */,
			);
			path = Managers;
			sourceTree = "<group>";
		};
		9526466C295833920059B284 /* Resources */ = {
			isa = PBXGroup;
			children = (
				9526465B295831D80059B284 /* Assets.xcassets */,
				9526465D295831D80059B284 /* LaunchScreen.storyboard */,
				95264652295831D60059B284 /* AppDelegate.swift */,
				95264654295831D60059B284 /* SceneDelegate.swift */,
				95F91344295EFE6A0033FA1D /* Extesions.swift */,
			);
			path = Resources;
			sourceTree = "<group>";
		};
		95264671295835070059B284 /* Core */ = {
			isa = PBXGroup;
			children = (
				95264656295831D60059B284 /* RMTabViewController.swift */,
				95264674295835580059B284 /* RMCharacterViewController.swift */,
				952646762958356B0059B284 /* RMLocationViewController.swift */,
				952646782958357D0059B284 /* RMEpisodeViewController.swift */,
				9526467A2958358D0059B284 /* RMSettingsViewController.swift */,
			);
			path = Core;
			sourceTree = "<group>";
		};
		954887C1299BB40300DE42C3 /* Locations */ = {
			isa = PBXGroup;
			children = (
				956AB0E7299A31A600BE4B0E /* RMLocationViewViewModel.swift */,
				954887C2299BB42600DE42C3 /* RMLocationTableViewCellViewModel.swift */,
				95CE58A0299F76C2003C7D56 /* RMLocationDetailViewViewModel.swift */,
			);
			path = Locations;
			sourceTree = "<group>";
		};
		9567A8BE29670D7E00AE9C33 /* Other */ = {
			isa = PBXGroup;
			children = (
				9567A8BF29670D9C00AE9C33 /* RMCharacterDetailViewController.swift */,
				95FC88F0297803C2002A8E91 /* RMEpisodeDetailViewController.swift */,
				95D86B6A29802DA500255410 /* RMSearchViewController.swift */,
				95CE589B299E4CB2003C7D56 /* RMLocationDetailViewController.swift */,
			);
			path = Other;
			sourceTree = "<group>";
		};
		956AB0D82993A92300BE4B0E /* Settings */ = {
			isa = PBXGroup;
			children = (
				956AB0D92993A94000BE4B0E /* RMSettingsViewViewModel.swift */,
				956AB0DB2993A9E500BE4B0E /* RMSettingsCellViewModel.swift */,
				956AB0DD2993AAEA00BE4B0E /* RMSettingsOption.swift */,
			);
			path = Settings;
			sourceTree = "<group>";
		};
		956AB0DF2993B05500BE4B0E /* SwiftUI */ = {
			isa = PBXGroup;
			children = (
				956AB0E02993B07700BE4B0E /* RMSettingsView.swift */,
			);
			path = SwiftUI;
			sourceTree = "<group>";
		};
		956AB0E2299A2E1D00BE4B0E /* Location */ = {
			isa = PBXGroup;
			children = (
				956AB0E3299A2E2D00BE4B0E /* RMLocationView.swift */,
				954887BF299BB30F00DE42C3 /* RMLocationTableViewCell.swift */,
			);
			path = Location;
			sourceTree = "<group>";
		};
		95CE589D299E8C75003C7D56 /* LocationDetails */ = {
			isa = PBXGroup;
			children = (
				95CE589E299E8CA1003C7D56 /* RMLocationDetailView.swift */,
			);
			path = LocationDetails;
			sourceTree = "<group>";
		};
		95D86B6C29881D9A00255410 /* EpisodeDetails */ = {
			isa = PBXGroup;
			children = (
				95FC88F629795207002A8E91 /* RMEpisodeDetailView.swift */,
				95D86B6D29881DD700255410 /* RMEpisodeInfoCollectionViewCell.swift */,
			);
			path = EpisodeDetails;
			sourceTree = "<group>";
		};
		95D86B6F29881DF000255410 /* EpisodeDetail */ = {
			isa = PBXGroup;
			children = (
				95FC88F42979519F002A8E91 /* RMEpisodeDetailViewViewModel.swift */,
				95D86B7029881E1D00255410 /* RMEpisodeInfoCollectionViewCellViewModel.swift */,
			);
			path = EpisodeDetail;
			sourceTree = "<group>";
		};
		95F9133C295DAD4D0033FA1D /* DataTypes */ = {
			isa = PBXGroup;
			children = (
				9526466D2958345B0059B284 /* RMLocation.swift */,
				9526466F295834690059B284 /* RMCharacter.swift */,
				95F91331295AD7430033FA1D /* RMEpisode.swift */,
				95F91333295ADBAB0033FA1D /* RMOrigin.swift */,
				95F91335295ADC290033FA1D /* RMSingleLocation.swift */,
				95F91337295ADFDC0033FA1D /* RMCharacterStatus.swift */,
				95F91339295AE0620033FA1D /* RMCharacterGender.swift */,
			);
			path = DataTypes;
			sourceTree = "<group>";
		};
		95F9133D295DAD710033FA1D /* APIResponseTypes */ = {
			isa = PBXGroup;
			children = (
				95F9133E295DAE1D0033FA1D /* RMGetAllCharactersResponse.swift */,
				95D86B68297D359C00255410 /* RMGetAllEpisodesResponse.swift */,
				95DB311C299BAB6F0078CEE0 /* RMGetLocationsResponse.swift */,
			);
			path = APIResponseTypes;
			sourceTree = "<group>";
		};
		95FC882F296DB572002A8E91 /* CharactersDetails */ = {
			isa = PBXGroup;
			children = (
				9567A8C129670E4600AE9C33 /* RMCharacterDetailView.swift */,
				95FC8831296DB5CA002A8E91 /* RMCharacterPhotoCollectionViewCell.swift */,
				95FC8833296DB5ED002A8E91 /* RMCharacterInfoCollectionViewCell.swift */,
				95FC8835296DB601002A8E91 /* RMCharacterEpisodeCollectionViewCell.swift */,
			);
			path = CharactersDetails;
			sourceTree = "<group>";
		};
		95FC8830296DB5A5002A8E91 /* Character */ = {
			isa = PBXGroup;
			children = (
				95F91342295EFB530033FA1D /* RMCharacterListView.swift */,
				95F91346295F09040033FA1D /* RMCharacterCollectionViewCell.swift */,
			);
			path = Character;
			sourceTree = "<group>";
		};
		95FC8837296DB624002A8E91 /* CharacterDetail */ = {
			isa = PBXGroup;
			children = (
				9567A8C329670E6C00AE9C33 /* RMCharacterDetailViewViewModel.swift */,
				95FC8838296DB65C002A8E91 /* RMCharacterPhotoCollectionViewCellViewModel.swift */,
				95FC883A296DB665002A8E91 /* RMCharacterInfoCollectionViewCellViewModel.swift */,
				95FC883C296DB671002A8E91 /* RMCharacterEpisodeCollectionViewCellViewModel.swift */,
			);
			path = CharacterDetail;
			sourceTree = "<group>";
		};
		95FC8924297BF957002A8E91 /* Episode */ = {
			isa = PBXGroup;
			children = (
				95FC8925297BF977002A8E91 /* RMEpisodeListView.swift */,
			);
			path = Episode;
			sourceTree = "<group>";
		};
/* End PBXGroup section */

/* Begin PBXNativeTarget section */
		9526464E295831D60059B284 /* RickAndMorty */ = {
			isa = PBXNativeTarget;
			buildConfigurationList = 95264663295831D80059B284 /* Build configuration list for PBXNativeTarget "RickAndMorty" */;
			buildPhases = (
				9526464B295831D60059B284 /* Sources */,
				9526464C295831D60059B284 /* Frameworks */,
				9526464D295831D60059B284 /* Resources */,
			);
			buildRules = (
			);
			dependencies = (
			);
			name = RickAndMorty;
			productName = RickAndMorty;
			productReference = 9526464F295831D60059B284 /* RickAndMorty.app */;
			productType = "com.apple.product-type.application";
		};
/* End PBXNativeTarget section */

/* Begin PBXProject section */
		95264647295831D60059B284 /* Project object */ = {
			isa = PBXProject;
			attributes = {
				BuildIndependentTargetsInParallel = 1;
				LastSwiftUpdateCheck = 1400;
				LastUpgradeCheck = 1400;
				TargetAttributes = {
					9526464E295831D60059B284 = {
						CreatedOnToolsVersion = 14.0.1;
					};
				};
			};
			buildConfigurationList = 9526464A295831D60059B284 /* Build configuration list for PBXProject "RickAndMorty" */;
			compatibilityVersion = "Xcode 14.0";
			developmentRegion = en;
			hasScannedForEncodings = 0;
			knownRegions = (
				en,
				Base,
			);
			mainGroup = 95264646295831D60059B284;
			productRefGroup = 95264650295831D60059B284 /* Products */;
			projectDirPath = "";
			projectRoot = "";
			targets = (
				9526464E295831D60059B284 /* RickAndMorty */,
			);
		};
/* End PBXProject section */

/* Begin PBXResourcesBuildPhase section */
		9526464D295831D60059B284 /* Resources */ = {
			isa = PBXResourcesBuildPhase;
			buildActionMask = 2147483647;
			files = (
				9526465F295831D80059B284 /* LaunchScreen.storyboard in Resources */,
				9526465C295831D80059B284 /* Assets.xcassets in Resources */,
			);
			runOnlyForDeploymentPostprocessing = 0;
		};
/* End PBXResourcesBuildPhase section */

/* Begin PBXSourcesBuildPhase section */
		9526464B295831D60059B284 /* Sources */ = {
			isa = PBXSourcesBuildPhase;
			buildActionMask = 2147483647;
			files = (
				95F91345295EFE6A0033FA1D /* Extesions.swift in Sources */,
				9567A8C429670E6C00AE9C33 /* RMCharacterDetailViewViewModel.swift in Sources */,
				95F91334295ADBAB0033FA1D /* RMOrigin.swift in Sources */,
				95D86B6B29802DA500255410 /* RMSearchViewController.swift in Sources */,
				95F91336295ADC290033FA1D /* RMSingleLocation.swift in Sources */,
				95F91343295EFB530033FA1D /* RMCharacterListView.swift in Sources */,
				95F9133F295DAE1D0033FA1D /* RMGetAllCharactersResponse.swift in Sources */,
				95F91338295ADFDC0033FA1D /* RMCharacterStatus.swift in Sources */,
				95CE58A1299F76C2003C7D56 /* RMLocationDetailViewViewModel.swift in Sources */,
				9567A8C029670D9C00AE9C33 /* RMCharacterDetailViewController.swift in Sources */,
				9567A8C629671C0A00AE9C33 /* RMFooterLoadingCollectionReusableView.swift in Sources */,
				95FC8926297BF977002A8E91 /* RMEpisodeListView.swift in Sources */,
				95F9133A295AE0620033FA1D /* RMCharacterGender.swift in Sources */,
				9526467D29583F6C0059B284 /* RMService.swift in Sources */,
				95FC8834296DB5ED002A8E91 /* RMCharacterInfoCollectionViewCell.swift in Sources */,
				956AB0DA2993A94000BE4B0E /* RMSettingsViewViewModel.swift in Sources */,
				954887C0299BB30F00DE42C3 /* RMLocationTableViewCell.swift in Sources */,
				9526467B2958358D0059B284 /* RMSettingsViewController.swift in Sources */,
				95F91347295F09040033FA1D /* RMCharacterCollectionViewCell.swift in Sources */,
				95FC883B296DB665002A8E91 /* RMCharacterInfoCollectionViewCellViewModel.swift in Sources */,
				95DB311D299BAB6F0078CEE0 /* RMGetLocationsResponse.swift in Sources */,
				956AB0DE2993AAEA00BE4B0E /* RMSettingsOption.swift in Sources */,
				95264657295831D60059B284 /* RMTabViewController.swift in Sources */,
				9567A8F22969C9FB00AE9C33 /* RMImageLoader.swift in Sources */,
				95CE589C299E4CB2003C7D56 /* RMLocationDetailViewController.swift in Sources */,
				95264681295840B70059B284 /* RMEndpoint.swift in Sources */,
				95264675295835580059B284 /* RMCharacterViewController.swift in Sources */,
				95FC8832296DB5CA002A8E91 /* RMCharacterPhotoCollectionViewCell.swift in Sources */,
				95FC883D296DB671002A8E91 /* RMCharacterEpisodeCollectionViewCellViewModel.swift in Sources */,
				956AB0DC2993A9E500BE4B0E /* RMSettingsCellViewModel.swift in Sources */,
				956AB0E12993B07700BE4B0E /* RMSettingsView.swift in Sources */,
				952646772958356B0059B284 /* RMLocationViewController.swift in Sources */,
				95F91332295AD7430033FA1D /* RMEpisode.swift in Sources */,
				95FC8839296DB65C002A8E91 /* RMCharacterPhotoCollectionViewCellViewModel.swift in Sources */,
				95264653295831D60059B284 /* AppDelegate.swift in Sources */,
				95264655295831D60059B284 /* SceneDelegate.swift in Sources */,
				9526466E2958345B0059B284 /* RMLocation.swift in Sources */,
				95FC88F1297803C2002A8E91 /* RMEpisodeDetailViewController.swift in Sources */,
				95FC88F729795207002A8E91 /* RMEpisodeDetailView.swift in Sources */,
				95CE589F299E8CA1003C7D56 /* RMLocationDetailView.swift in Sources */,
				954887C3299BB42600DE42C3 /* RMLocationTableViewCellViewModel.swift in Sources */,
				95264670295834690059B284 /* RMCharacter.swift in Sources */,
				95F91349295F0A610033FA1D /* RMCharacterCollectionViewCellViewModel.swift in Sources */,
				9526467F29583F790059B284 /* RMRequest.swift in Sources */,
				95F91341295EFAB70033FA1D /* RMCharacterListViewViewModel.swift in Sources */,
				95FC8836296DB601002A8E91 /* RMCharacterEpisodeCollectionViewCell.swift in Sources */,
				952646792958357D0059B284 /* RMEpisodeViewController.swift in Sources */,
				956AB0E4299A2E2D00BE4B0E /* RMLocationView.swift in Sources */,
				95D86B67297D2AA100255410 /* RMEpisodeListViewViewModel.swift in Sources */,
				95FC88F32979389F002A8E91 /* RMAPICacheManager.swift in Sources */,
				95D86B69297D359C00255410 /* RMGetAllEpisodesResponse.swift in Sources */,
				95D86B7129881E1D00255410 /* RMEpisodeInfoCollectionViewCellViewModel.swift in Sources */,
				95D86B6E29881DD700255410 /* RMEpisodeInfoCollectionViewCell.swift in Sources */,
				95FC88F52979519F002A8E91 /* RMEpisodeDetailViewViewModel.swift in Sources */,
				9567A8C229670E4600AE9C33 /* RMCharacterDetailView.swift in Sources */,
				956AB0E8299A31A600BE4B0E /* RMLocationViewViewModel.swift in Sources */,
			);
			runOnlyForDeploymentPostprocessing = 0;
		};
/* End PBXSourcesBuildPhase section */

/* Begin PBXVariantGroup section */
		9526465D295831D80059B284 /* LaunchScreen.storyboard */ = {
			isa = PBXVariantGroup;
			children = (
				9526465E295831D80059B284 /* Base */,
			);
			name = LaunchScreen.storyboard;
			sourceTree = "<group>";
		};
/* End PBXVariantGroup section */

/* Begin XCBuildConfiguration section */
		95264661295831D80059B284 /* Debug */ = {
			isa = XCBuildConfiguration;
			buildSettings = {
				ALWAYS_SEARCH_USER_PATHS = NO;
				CLANG_ANALYZER_NONNULL = YES;
				CLANG_ANALYZER_NUMBER_OBJECT_CONVERSION = YES_AGGRESSIVE;
				CLANG_CXX_LANGUAGE_STANDARD = "gnu++20";
				CLANG_ENABLE_MODULES = YES;
				CLANG_ENABLE_OBJC_ARC = YES;
				CLANG_ENABLE_OBJC_WEAK = YES;
				CLANG_WARN_BLOCK_CAPTURE_AUTORELEASING = YES;
				CLANG_WARN_BOOL_CONVERSION = YES;
				CLANG_WARN_COMMA = YES;
				CLANG_WARN_CONSTANT_CONVERSION = YES;
				CLANG_WARN_DEPRECATED_OBJC_IMPLEMENTATIONS = YES;
				CLANG_WARN_DIRECT_OBJC_ISA_USAGE = YES_ERROR;
				CLANG_WARN_DOCUMENTATION_COMMENTS = YES;
				CLANG_WARN_EMPTY_BODY = YES;
				CLANG_WARN_ENUM_CONVERSION = YES;
				CLANG_WARN_INFINITE_RECURSION = YES;
				CLANG_WARN_INT_CONVERSION = YES;
				CLANG_WARN_NON_LITERAL_NULL_CONVERSION = YES;
				CLANG_WARN_OBJC_IMPLICIT_RETAIN_SELF = YES;
				CLANG_WARN_OBJC_LITERAL_CONVERSION = YES;
				CLANG_WARN_OBJC_ROOT_CLASS = YES_ERROR;
				CLANG_WARN_QUOTED_INCLUDE_IN_FRAMEWORK_HEADER = YES;
				CLANG_WARN_RANGE_LOOP_ANALYSIS = YES;
				CLANG_WARN_STRICT_PROTOTYPES = YES;
				CLANG_WARN_SUSPICIOUS_MOVE = YES;
				CLANG_WARN_UNGUARDED_AVAILABILITY = YES_AGGRESSIVE;
				CLANG_WARN_UNREACHABLE_CODE = YES;
				CLANG_WARN__DUPLICATE_METHOD_MATCH = YES;
				COPY_PHASE_STRIP = NO;
				DEBUG_INFORMATION_FORMAT = dwarf;
				ENABLE_STRICT_OBJC_MSGSEND = YES;
				ENABLE_TESTABILITY = YES;
				GCC_C_LANGUAGE_STANDARD = gnu11;
				GCC_DYNAMIC_NO_PIC = NO;
				GCC_NO_COMMON_BLOCKS = YES;
				GCC_OPTIMIZATION_LEVEL = 0;
				GCC_PREPROCESSOR_DEFINITIONS = (
					"DEBUG=1",
					"$(inherited)",
				);
				GCC_WARN_64_TO_32_BIT_CONVERSION = YES;
				GCC_WARN_ABOUT_RETURN_TYPE = YES_ERROR;
				GCC_WARN_UNDECLARED_SELECTOR = YES;
				GCC_WARN_UNINITIALIZED_AUTOS = YES_AGGRESSIVE;
				GCC_WARN_UNUSED_FUNCTION = YES;
				GCC_WARN_UNUSED_VARIABLE = YES;
				IPHONEOS_DEPLOYMENT_TARGET = 16.0;
				MTL_ENABLE_DEBUG_INFO = INCLUDE_SOURCE;
				MTL_FAST_MATH = YES;
				ONLY_ACTIVE_ARCH = YES;
				SDKROOT = iphoneos;
				SWIFT_ACTIVE_COMPILATION_CONDITIONS = DEBUG;
				SWIFT_OPTIMIZATION_LEVEL = "-Onone";
			};
			name = Debug;
		};
		95264662295831D80059B284 /* Release */ = {
			isa = XCBuildConfiguration;
			buildSettings = {
				ALWAYS_SEARCH_USER_PATHS = NO;
				CLANG_ANALYZER_NONNULL = YES;
				CLANG_ANALYZER_NUMBER_OBJECT_CONVERSION = YES_AGGRESSIVE;
				CLANG_CXX_LANGUAGE_STANDARD = "gnu++20";
				CLANG_ENABLE_MODULES = YES;
				CLANG_ENABLE_OBJC_ARC = YES;
				CLANG_ENABLE_OBJC_WEAK = YES;
				CLANG_WARN_BLOCK_CAPTURE_AUTORELEASING = YES;
				CLANG_WARN_BOOL_CONVERSION = YES;
				CLANG_WARN_COMMA = YES;
				CLANG_WARN_CONSTANT_CONVERSION = YES;
				CLANG_WARN_DEPRECATED_OBJC_IMPLEMENTATIONS = YES;
				CLANG_WARN_DIRECT_OBJC_ISA_USAGE = YES_ERROR;
				CLANG_WARN_DOCUMENTATION_COMMENTS = YES;
				CLANG_WARN_EMPTY_BODY = YES;
				CLANG_WARN_ENUM_CONVERSION = YES;
				CLANG_WARN_INFINITE_RECURSION = YES;
				CLANG_WARN_INT_CONVERSION = YES;
				CLANG_WARN_NON_LITERAL_NULL_CONVERSION = YES;
				CLANG_WARN_OBJC_IMPLICIT_RETAIN_SELF = YES;
				CLANG_WARN_OBJC_LITERAL_CONVERSION = YES;
				CLANG_WARN_OBJC_ROOT_CLASS = YES_ERROR;
				CLANG_WARN_QUOTED_INCLUDE_IN_FRAMEWORK_HEADER = YES;
				CLANG_WARN_RANGE_LOOP_ANALYSIS = YES;
				CLANG_WARN_STRICT_PROTOTYPES = YES;
				CLANG_WARN_SUSPICIOUS_MOVE = YES;
				CLANG_WARN_UNGUARDED_AVAILABILITY = YES_AGGRESSIVE;
				CLANG_WARN_UNREACHABLE_CODE = YES;
				CLANG_WARN__DUPLICATE_METHOD_MATCH = YES;
				COPY_PHASE_STRIP = NO;
				DEBUG_INFORMATION_FORMAT = "dwarf-with-dsym";
				ENABLE_NS_ASSERTIONS = NO;
				ENABLE_STRICT_OBJC_MSGSEND = YES;
				GCC_C_LANGUAGE_STANDARD = gnu11;
				GCC_NO_COMMON_BLOCKS = YES;
				GCC_WARN_64_TO_32_BIT_CONVERSION = YES;
				GCC_WARN_ABOUT_RETURN_TYPE = YES_ERROR;
				GCC_WARN_UNDECLARED_SELECTOR = YES;
				GCC_WARN_UNINITIALIZED_AUTOS = YES_AGGRESSIVE;
				GCC_WARN_UNUSED_FUNCTION = YES;
				GCC_WARN_UNUSED_VARIABLE = YES;
				IPHONEOS_DEPLOYMENT_TARGET = 16.0;
				MTL_ENABLE_DEBUG_INFO = NO;
				MTL_FAST_MATH = YES;
				SDKROOT = iphoneos;
				SWIFT_COMPILATION_MODE = wholemodule;
				SWIFT_OPTIMIZATION_LEVEL = "-O";
				VALIDATE_PRODUCT = YES;
			};
			name = Release;
		};
		95264664295831D80059B284 /* Debug */ = {
			isa = XCBuildConfiguration;
			buildSettings = {
				ASSETCATALOG_COMPILER_APPICON_NAME = AppIcon;
				ASSETCATALOG_COMPILER_GLOBAL_ACCENT_COLOR_NAME = AccentColor;
				CODE_SIGN_STYLE = Automatic;
				CURRENT_PROJECT_VERSION = 1;
				DEVELOPMENT_TEAM = 3HQN9YN4MK;
				GENERATE_INFOPLIST_FILE = YES;
				INFOPLIST_FILE = RickAndMorty/Info.plist;
				INFOPLIST_KEY_CFBundleDisplayName = "Rick & Morty";
				INFOPLIST_KEY_LSApplicationCategoryType = "public.app-category.education";
				INFOPLIST_KEY_UIApplicationSupportsIndirectInputEvents = YES;
				INFOPLIST_KEY_UILaunchStoryboardName = LaunchScreen;
				INFOPLIST_KEY_UISupportedInterfaceOrientations_iPad = "UIInterfaceOrientationPortrait UIInterfaceOrientationPortraitUpsideDown UIInterfaceOrientationLandscapeLeft UIInterfaceOrientationLandscapeRight";
				INFOPLIST_KEY_UISupportedInterfaceOrientations_iPhone = "UIInterfaceOrientationPortrait UIInterfaceOrientationLandscapeLeft UIInterfaceOrientationLandscapeRight";
				LD_RUNPATH_SEARCH_PATHS = (
					"$(inherited)",
					"@executable_path/Frameworks",
				);
				MARKETING_VERSION = 1.0;
				PRODUCT_BUNDLE_IDENTIFIER = "------.RickAndMorty";
				PRODUCT_NAME = "$(TARGET_NAME)";
				SWIFT_EMIT_LOC_STRINGS = YES;
				SWIFT_VERSION = 5.0;
				TARGETED_DEVICE_FAMILY = "1,2";
			};
			name = Debug;
		};
		95264665295831D80059B284 /* Release */ = {
			isa = XCBuildConfiguration;
			buildSettings = {
				ASSETCATALOG_COMPILER_APPICON_NAME = AppIcon;
				ASSETCATALOG_COMPILER_GLOBAL_ACCENT_COLOR_NAME = AccentColor;
				CODE_SIGN_STYLE = Automatic;
				CURRENT_PROJECT_VERSION = 1;
				DEVELOPMENT_TEAM = 3HQN9YN4MK;
				GENERATE_INFOPLIST_FILE = YES;
				INFOPLIST_FILE = RickAndMorty/Info.plist;
				INFOPLIST_KEY_CFBundleDisplayName = "Rick & Morty";
				INFOPLIST_KEY_LSApplicationCategoryType = "public.app-category.education";
				INFOPLIST_KEY_UIApplicationSupportsIndirectInputEvents = YES;
				INFOPLIST_KEY_UILaunchStoryboardName = LaunchScreen;
				INFOPLIST_KEY_UISupportedInterfaceOrientations_iPad = "UIInterfaceOrientationPortrait UIInterfaceOrientationPortraitUpsideDown UIInterfaceOrientationLandscapeLeft UIInterfaceOrientationLandscapeRight";
				INFOPLIST_KEY_UISupportedInterfaceOrientations_iPhone = "UIInterfaceOrientationPortrait UIInterfaceOrientationLandscapeLeft UIInterfaceOrientationLandscapeRight";
				LD_RUNPATH_SEARCH_PATHS = (
					"$(inherited)",
					"@executable_path/Frameworks",
				);
				MARKETING_VERSION = 1.0;
				PRODUCT_BUNDLE_IDENTIFIER = "------.RickAndMorty";
				PRODUCT_NAME = "$(TARGET_NAME)";
				SWIFT_EMIT_LOC_STRINGS = YES;
				SWIFT_VERSION = 5.0;
				TARGETED_DEVICE_FAMILY = "1,2";
			};
			name = Release;
		};
/* End XCBuildConfiguration section */

/* Begin XCConfigurationList section */
		9526464A295831D60059B284 /* Build configuration list for PBXProject "RickAndMorty" */ = {
			isa = XCConfigurationList;
			buildConfigurations = (
				95264661295831D80059B284 /* Debug */,
				95264662295831D80059B284 /* Release */,
			);
			defaultConfigurationIsVisible = 0;
			defaultConfigurationName = Release;
		};
		95264663295831D80059B284 /* Build configuration list for PBXNativeTarget "RickAndMorty" */ = {
			isa = XCConfigurationList;
			buildConfigurations = (
				95264664295831D80059B284 /* Debug */,
				95264665295831D80059B284 /* Release */,
			);
			defaultConfigurationIsVisible = 0;
			defaultConfigurationName = Release;
		};
/* End XCConfigurationList section */
	};
	rootObject = 95264647295831D60059B284 /* Project object */;
}
